
Microsoft Visual Studio Solution File, Format Version 12.00
# Visual Studio Version 17
VisualStudioVersion = 17.9.34728.123
MinimumVisualStudioVersion = 10.0.40219.1
Project("{FAE04EC0-301F-11D3-BF4B-00C04F79EFBC}") = "TextFileManipulation", "TextFileManipulation.csproj", "{001FA8F2-2818-4767-A0BE-C3C4EA042CD9}"
EndProject
Global
	GlobalSection(SolutionConfigurationPlatforms) = preSolution
		Debug|Any CPU = Debug|Any CPU
		Release|Any CPU = Release|Any CPU
	EndGlobalSection
	GlobalSection(ProjectConfigurationPlatforms) = postSolution
		{001FA8F2-2818-4767-A0BE-C3C4EA042CD9}.Debug|Any CPU.ActiveCfg = Debug|Any CPU
		{001FA8F2-2818-4767-A0BE-C3C4EA042CD9}.Debug|Any CPU.Build.0 = Debug|Any CPU
		{001FA8F2-2818-4767-A0BE-C3C4EA042CD9}.Release|Any CPU.ActiveCfg = Release|Any CPU
		{001FA8F2-2818-4767-A0BE-C3C4EA042CD9}.Release|Any CPU.Build.0 = Release|Any CPU
	EndGlobalSection
	GlobalSection(SolutionProperties) = preSolution
		HideSolutionNode = FALSE
	EndGlobalSection
	GlobalSection(ExtensibilityGlobals) = postSolution
		SolutionGuid = {1D456596-57A8-4C12-9DFE-3424BDC18428}
	EndGlobalSection
EndGlobal
